
Microsoft Visual Studio Solution File, Format Version 12.00
# Visual Studio Version 16
VisualStudioVersion = 16.0.29806.167
MinimumVisualStudioVersion = 10.0.40219.1
Project("{FAE04EC0-301F-11D3-BF4B-00C04F79EFBC}") = "GenericUnitOfWork", "GenericUnitOfWork\GenericUnitOfWork.csproj", "{21C6E187-851E-482D-895B-B327185EEAA5}"
EndProject
Global
	GlobalSection(SolutionConfigurationPlatforms) = preSolution
		Debug|Any CPU = Debug|Any CPU
		Release|Any CPU = Release|Any CPU
	EndGlobalSection
	GlobalSection(ProjectConfigurationPlatforms) = postSolution
		{21C6E187-851E-482D-895B-B327185EEAA5}.Debug|Any CPU.ActiveCfg = Debug|Any CPU
		{21C6E187-851E-482D-895B-B327185EEAA5}.Debug|Any CPU.Build.0 = Debug|Any CPU
		{21C6E187-851E-482D-895B-B327185EEAA5}.Release|Any CPU.ActiveCfg = Release|Any CPU
		{21C6E187-851E-482D-895B-B327185EEAA5}.Release|Any CPU.Build.0 = Release|Any CPU
	EndGlobalSection
	GlobalSection(SolutionProperties) = preSolution
		HideSolutionNode = FALSE
	EndGlobalSection
	GlobalSection(ExtensibilityGlobals) = postSolution
		SolutionGuid = {58BD5D81-778D-4E60-8A35-4F892255E165}
	EndGlobalSection
EndGlobal
